// !$*UTF8*$!
{
	archiveVersion = 1;
	classes = {
	};
	objectVersion = 56;
	objects = {

/* Begin PBXBuildFile section */
		5618A6A52B9647B4005A81A4 /* AppDelegate.swift in Sources */ = {isa = PBXBuildFile; fileRef = 5618A6A42B9647B4005A81A4 /* AppDelegate.swift */; };
		5618A6A92B9647B4005A81A4 /* PKM_PokemonView.swift in Sources */ = {isa = PBXBuildFile; fileRef = 5618A6A82B9647B4005A81A4 /* PKM_PokemonView.swift */; };
		5618A6AE2B9647B5005A81A4 /* Assets.xcassets in Resources */ = {isa = PBXBuildFile; fileRef = 5618A6AD2B9647B5005A81A4 /* Assets.xcassets */; };
		5618A6B12B9647B5005A81A4 /* LaunchScreen.storyboard in Resources */ = {isa = PBXBuildFile; fileRef = 5618A6AF2B9647B5005A81A4 /* LaunchScreen.storyboard */; };
		5618A6BA2B96560B005A81A4 /* PKM_PokemonMain.swift in Sources */ = {isa = PBXBuildFile; fileRef = 5618A6B92B96560B005A81A4 /* PKM_PokemonMain.swift */; };
		5618A6BC2B96561F005A81A4 /* PKM_PokemonViewUI.swift in Sources */ = {isa = PBXBuildFile; fileRef = 5618A6BB2B96561F005A81A4 /* PKM_PokemonViewUI.swift */; };
		5618A6BE2B96562C005A81A4 /* PKM_PokemonInteractor.swift in Sources */ = {isa = PBXBuildFile; fileRef = 5618A6BD2B96562C005A81A4 /* PKM_PokemonInteractor.swift */; };
		5618A6C02B965654005A81A4 /* PKM_PokemonPresenter.swift in Sources */ = {isa = PBXBuildFile; fileRef = 5618A6BF2B965654005A81A4 /* PKM_PokemonPresenter.swift */; };
		5618A6C22B965662005A81A4 /* PKM_PokemonProtocols.swift in Sources */ = {isa = PBXBuildFile; fileRef = 5618A6C12B965662005A81A4 /* PKM_PokemonProtocols.swift */; };
		5618A6C42B965671005A81A4 /* PKM_PokemonEntity.swift in Sources */ = {isa = PBXBuildFile; fileRef = 5618A6C32B965671005A81A4 /* PKM_PokemonEntity.swift */; };
		5618A6C62B965679005A81A4 /* PKM_PokemonRouter.swift in Sources */ = {isa = PBXBuildFile; fileRef = 5618A6C52B965679005A81A4 /* PKM_PokemonRouter.swift */; };
		5641DCB82B96B42C00D8C908 /* PokemonRequest.swift in Sources */ = {isa = PBXBuildFile; fileRef = 5641DCB72B96B42C00D8C908 /* PokemonRequest.swift */; };
		5641DCBA2B96B43C00D8C908 /* PokemonResponse.swift in Sources */ = {isa = PBXBuildFile; fileRef = 5641DCB92B96B43C00D8C908 /* PokemonResponse.swift */; };
		5641DCBC2B96B44D00D8C908 /* PokemonWebService.swift in Sources */ = {isa = PBXBuildFile; fileRef = 5641DCBB2B96B44D00D8C908 /* PokemonWebService.swift */; };
		5641DCC02B96B49B00D8C908 /* PokemonImageRequest.swift in Sources */ = {isa = PBXBuildFile; fileRef = 5641DCBF2B96B49B00D8C908 /* PokemonImageRequest.swift */; };
		5641DCC22B96B4AB00D8C908 /* PokemonImageResponse.swift in Sources */ = {isa = PBXBuildFile; fileRef = 5641DCC12B96B4AB00D8C908 /* PokemonImageResponse.swift */; };
		5641DCC42B96B4BD00D8C908 /* PokemonImageWebService.swift in Sources */ = {isa = PBXBuildFile; fileRef = 5641DCC32B96B4BD00D8C908 /* PokemonImageWebService.swift */; };
/* End PBXBuildFile section */

/* Begin PBXFileReference section */
		5618A6A12B9647B4005A81A4 /* WhoIsThatPokemonApp.app */ = {isa = PBXFileReference; explicitFileType = wrapper.application; includeInIndex = 0; path = WhoIsThatPokemonApp.app; sourceTree = BUILT_PRODUCTS_DIR; };
		5618A6A42B9647B4005A81A4 /* AppDelegate.swift */ = {isa = PBXFileReference; lastKnownFileType = sourcecode.swift; path = AppDelegate.swift; sourceTree = "<group>"; };
		5618A6A82B9647B4005A81A4 /* PKM_PokemonView.swift */ = {isa = PBXFileReference; lastKnownFileType = sourcecode.swift; path = PKM_PokemonView.swift; sourceTree = "<group>"; };
		5618A6AD2B9647B5005A81A4 /* Assets.xcassets */ = {isa = PBXFileReference; lastKnownFileType = folder.assetcatalog; path = Assets.xcassets; sourceTree = "<group>"; };
		5618A6B02B9647B5005A81A4 /* Base */ = {isa = PBXFileReference; lastKnownFileType = file.storyboard; name = Base; path = Base.lproj/LaunchScreen.storyboard; sourceTree = "<group>"; };
		5618A6B22B9647B5005A81A4 /* Info.plist */ = {isa = PBXFileReference; lastKnownFileType = text.plist.xml; path = Info.plist; sourceTree = "<group>"; };
		5618A6B92B96560B005A81A4 /* PKM_PokemonMain.swift */ = {isa = PBXFileReference; lastKnownFileType = sourcecode.swift; path = PKM_PokemonMain.swift; sourceTree = "<group>"; };
		5618A6BB2B96561F005A81A4 /* PKM_PokemonViewUI.swift */ = {isa = PBXFileReference; lastKnownFileType = sourcecode.swift; path = PKM_PokemonViewUI.swift; sourceTree = "<group>"; };
		5618A6BD2B96562C005A81A4 /* PKM_PokemonInteractor.swift */ = {isa = PBXFileReference; lastKnownFileType = sourcecode.swift; path = PKM_PokemonInteractor.swift; sourceTree = "<group>"; };
		5618A6BF2B965654005A81A4 /* PKM_PokemonPresenter.swift */ = {isa = PBXFileReference; lastKnownFileType = sourcecode.swift; path = PKM_PokemonPresenter.swift; sourceTree = "<group>"; };
		5618A6C12B965662005A81A4 /* PKM_PokemonProtocols.swift */ = {isa = PBXFileReference; lastKnownFileType = sourcecode.swift; path = PKM_PokemonProtocols.swift; sourceTree = "<group>"; };
		5618A6C32B965671005A81A4 /* PKM_PokemonEntity.swift */ = {isa = PBXFileReference; lastKnownFileType = sourcecode.swift; path = PKM_PokemonEntity.swift; sourceTree = "<group>"; };
		5618A6C52B965679005A81A4 /* PKM_PokemonRouter.swift */ = {isa = PBXFileReference; lastKnownFileType = sourcecode.swift; path = PKM_PokemonRouter.swift; sourceTree = "<group>"; };
		5641DCB72B96B42C00D8C908 /* PokemonRequest.swift */ = {isa = PBXFileReference; lastKnownFileType = sourcecode.swift; path = PokemonRequest.swift; sourceTree = "<group>"; };
		5641DCB92B96B43C00D8C908 /* PokemonResponse.swift */ = {isa = PBXFileReference; lastKnownFileType = sourcecode.swift; path = PokemonResponse.swift; sourceTree = "<group>"; };
		5641DCBB2B96B44D00D8C908 /* PokemonWebService.swift */ = {isa = PBXFileReference; lastKnownFileType = sourcecode.swift; path = PokemonWebService.swift; sourceTree = "<group>"; };
		5641DCBF2B96B49B00D8C908 /* PokemonImageRequest.swift */ = {isa = PBXFileReference; lastKnownFileType = sourcecode.swift; path = PokemonImageRequest.swift; sourceTree = "<group>"; };
		5641DCC12B96B4AB00D8C908 /* PokemonImageResponse.swift */ = {isa = PBXFileReference; lastKnownFileType = sourcecode.swift; path = PokemonImageResponse.swift; sourceTree = "<group>"; };
		5641DCC32B96B4BD00D8C908 /* PokemonImageWebService.swift */ = {isa = PBXFileReference; lastKnownFileType = sourcecode.swift; path = PokemonImageWebService.swift; sourceTree = "<group>"; };
/* End PBXFileReference section */

/* Begin PBXFrameworksBuildPhase section */
		5618A69E2B9647B4005A81A4 /* Frameworks */ = {
			isa = PBXFrameworksBuildPhase;
			buildActionMask = 2147483647;
			files = (
			);
			runOnlyForDeploymentPostprocessing = 0;
		};
/* End PBXFrameworksBuildPhase section */

/* Begin PBXGroup section */
		5618A6982B9647B4005A81A4 = {
			isa = PBXGroup;
			children = (
				5618A6A32B9647B4005A81A4 /* WhoIsThatPokemonApp */,
				5618A6A22B9647B4005A81A4 /* Products */,
			);
			sourceTree = "<group>";
		};
		5618A6A22B9647B4005A81A4 /* Products */ = {
			isa = PBXGroup;
			children = (
				5618A6A12B9647B4005A81A4 /* WhoIsThatPokemonApp.app */,
			);
			name = Products;
			sourceTree = "<group>";
		};
		5618A6A32B9647B4005A81A4 /* WhoIsThatPokemonApp */ = {
			isa = PBXGroup;
			children = (
				5618A6A42B9647B4005A81A4 /* AppDelegate.swift */,
				5641DCB62B96B15C00D8C908 /* Core */,
				5618A6B82B96557D005A81A4 /* PKM_Pokemon */,
				5618A6AD2B9647B5005A81A4 /* Assets.xcassets */,
				5618A6AF2B9647B5005A81A4 /* LaunchScreen.storyboard */,
				5618A6B22B9647B5005A81A4 /* Info.plist */,
			);
			path = WhoIsThatPokemonApp;
			sourceTree = "<group>";
		};
		5618A6B82B96557D005A81A4 /* PKM_Pokemon */ = {
			isa = PBXGroup;
			children = (
				5618A6B92B96560B005A81A4 /* PKM_PokemonMain.swift */,
				5618A6A82B9647B4005A81A4 /* PKM_PokemonView.swift */,
				5618A6BB2B96561F005A81A4 /* PKM_PokemonViewUI.swift */,
				5618A6BD2B96562C005A81A4 /* PKM_PokemonInteractor.swift */,
				5618A6BF2B965654005A81A4 /* PKM_PokemonPresenter.swift */,
				5618A6C12B965662005A81A4 /* PKM_PokemonProtocols.swift */,
				5618A6C32B965671005A81A4 /* PKM_PokemonEntity.swift */,
				5618A6C52B965679005A81A4 /* PKM_PokemonRouter.swift */,
			);
			path = PKM_Pokemon;
			sourceTree = "<group>";
		};
		5641DCB62B96B15C00D8C908 /* Core */ = {
			isa = PBXGroup;
			children = (
				5641DCBD2B96B45A00D8C908 /* Pokemon */,
				5641DCBE2B96B47700D8C908 /* PokemonImage */,
			);
			path = Core;
			sourceTree = "<group>";
		};
		5641DCBD2B96B45A00D8C908 /* Pokemon */ = {
			isa = PBXGroup;
			children = (
				5641DCB72B96B42C00D8C908 /* PokemonRequest.swift */,
				5641DCB92B96B43C00D8C908 /* PokemonResponse.swift */,
				5641DCBB2B96B44D00D8C908 /* PokemonWebService.swift */,
			);
			path = Pokemon;
			sourceTree = "<group>";
		};
		5641DCBE2B96B47700D8C908 /* PokemonImage */ = {
			isa = PBXGroup;
			children = (
				5641DCBF2B96B49B00D8C908 /* PokemonImageRequest.swift */,
				5641DCC12B96B4AB00D8C908 /* PokemonImageResponse.swift */,
				5641DCC32B96B4BD00D8C908 /* PokemonImageWebService.swift */,
			);
			path = PokemonImage;
			sourceTree = "<group>";
		};
/* End PBXGroup section */

/* Begin PBXNativeTarget section */
		5618A6A02B9647B4005A81A4 /* WhoIsThatPokemonApp */ = {
			isa = PBXNativeTarget;
			buildConfigurationList = 5618A6B52B9647B5005A81A4 /* Build configuration list for PBXNativeTarget "WhoIsThatPokemonApp" */;
			buildPhases = (
				5618A69D2B9647B4005A81A4 /* Sources */,
				5618A69E2B9647B4005A81A4 /* Frameworks */,
				5618A69F2B9647B4005A81A4 /* Resources */,
			);
			buildRules = (
			);
			dependencies = (
			);
			name = WhoIsThatPokemonApp;
			productName = WhoIsThatPokemonApp;
			productReference = 5618A6A12B9647B4005A81A4 /* WhoIsThatPokemonApp.app */;
			productType = "com.apple.product-type.application";
		};
/* End PBXNativeTarget section */

/* Begin PBXProject section */
		5618A6992B9647B4005A81A4 /* Project object */ = {
			isa = PBXProject;
			attributes = {
				BuildIndependentTargetsInParallel = 1;
				LastSwiftUpdateCheck = 1520;
				LastUpgradeCheck = 1520;
				TargetAttributes = {
					5618A6A02B9647B4005A81A4 = {
						CreatedOnToolsVersion = 15.2;
					};
				};
			};
			buildConfigurationList = 5618A69C2B9647B4005A81A4 /* Build configuration list for PBXProject "WhoIsThatPokemonApp" */;
			compatibilityVersion = "Xcode 14.0";
			developmentRegion = en;
			hasScannedForEncodings = 0;
			knownRegions = (
				en,
				Base,
			);
			mainGroup = 5618A6982B9647B4005A81A4;
			productRefGroup = 5618A6A22B9647B4005A81A4 /* Products */;
			projectDirPath = "";
			projectRoot = "";
			targets = (
				5618A6A02B9647B4005A81A4 /* WhoIsThatPokemonApp */,
			);
		};
/* End PBXProject section */

/* Begin PBXResourcesBuildPhase section */
		5618A69F2B9647B4005A81A4 /* Resources */ = {
			isa = PBXResourcesBuildPhase;
			buildActionMask = 2147483647;
			files = (
				5618A6B12B9647B5005A81A4 /* LaunchScreen.storyboard in Resources */,
				5618A6AE2B9647B5005A81A4 /* Assets.xcassets in Resources */,
			);
			runOnlyForDeploymentPostprocessing = 0;
		};
/* End PBXResourcesBuildPhase section */

/* Begin PBXSourcesBuildPhase section */
		5618A69D2B9647B4005A81A4 /* Sources */ = {
			isa = PBXSourcesBuildPhase;
			buildActionMask = 2147483647;
			files = (
				5618A6BE2B96562C005A81A4 /* PKM_PokemonInteractor.swift in Sources */,
				5618A6BC2B96561F005A81A4 /* PKM_PokemonViewUI.swift in Sources */,
				5618A6C02B965654005A81A4 /* PKM_PokemonPresenter.swift in Sources */,
				5618A6C22B965662005A81A4 /* PKM_PokemonProtocols.swift in Sources */,
				5618A6C42B965671005A81A4 /* PKM_PokemonEntity.swift in Sources */,
				5618A6BA2B96560B005A81A4 /* PKM_PokemonMain.swift in Sources */,
				5641DCC22B96B4AB00D8C908 /* PokemonImageResponse.swift in Sources */,
				5641DCC02B96B49B00D8C908 /* PokemonImageRequest.swift in Sources */,
				5641DCBC2B96B44D00D8C908 /* PokemonWebService.swift in Sources */,
				5641DCBA2B96B43C00D8C908 /* PokemonResponse.swift in Sources */,
				5618A6C62B965679005A81A4 /* PKM_PokemonRouter.swift in Sources */,
				5641DCC42B96B4BD00D8C908 /* PokemonImageWebService.swift in Sources */,
				5618A6A92B9647B4005A81A4 /* PKM_PokemonView.swift in Sources */,
				5618A6A52B9647B4005A81A4 /* AppDelegate.swift in Sources */,
				5641DCB82B96B42C00D8C908 /* PokemonRequest.swift in Sources */,
			);
			runOnlyForDeploymentPostprocessing = 0;
		};
/* End PBXSourcesBuildPhase section */

/* Begin PBXVariantGroup section */
		5618A6AF2B9647B5005A81A4 /* LaunchScreen.storyboard */ = {
			isa = PBXVariantGroup;
			children = (
				5618A6B02B9647B5005A81A4 /* Base */,
			);
			name = LaunchScreen.storyboard;
			sourceTree = "<group>";
		};
/* End PBXVariantGroup section */

/* Begin XCBuildConfiguration section */
		5618A6B32B9647B5005A81A4 /* Debug */ = {
			isa = XCBuildConfiguration;
			buildSettings = {
				ALWAYS_SEARCH_USER_PATHS = NO;
				ASSETCATALOG_COMPILER_GENERATE_SWIFT_ASSET_SYMBOL_EXTENSIONS = YES;
				CLANG_ANALYZER_NONNULL = YES;
				CLANG_ANALYZER_NUMBER_OBJECT_CONVERSION = YES_AGGRESSIVE;
				CLANG_CXX_LANGUAGE_STANDARD = "gnu++20";
				CLANG_ENABLE_MODULES = YES;
				CLANG_ENABLE_OBJC_ARC = YES;
				CLANG_ENABLE_OBJC_WEAK = YES;
				CLANG_WARN_BLOCK_CAPTURE_AUTORELEASING = YES;
				CLANG_WARN_BOOL_CONVERSION = YES;
				CLANG_WARN_COMMA = YES;
				CLANG_WARN_CONSTANT_CONVERSION = YES;
				CLANG_WARN_DEPRECATED_OBJC_IMPLEMENTATIONS = YES;
				CLANG_WARN_DIRECT_OBJC_ISA_USAGE = YES_ERROR;
				CLANG_WARN_DOCUMENTATION_COMMENTS = YES;
				CLANG_WARN_EMPTY_BODY = YES;
				CLANG_WARN_ENUM_CONVERSION = YES;
				CLANG_WARN_INFINITE_RECURSION = YES;
				CLANG_WARN_INT_CONVERSION = YES;
				CLANG_WARN_NON_LITERAL_NULL_CONVERSION = YES;
				CLANG_WARN_OBJC_IMPLICIT_RETAIN_SELF = YES;
				CLANG_WARN_OBJC_LITERAL_CONVERSION = YES;
				CLANG_WARN_OBJC_ROOT_CLASS = YES_ERROR;
				CLANG_WARN_QUOTED_INCLUDE_IN_FRAMEWORK_HEADER = YES;
				CLANG_WARN_RANGE_LOOP_ANALYSIS = YES;
				CLANG_WARN_STRICT_PROTOTYPES = YES;
				CLANG_WARN_SUSPICIOUS_MOVE = YES;
				CLANG_WARN_UNGUARDED_AVAILABILITY = YES_AGGRESSIVE;
				CLANG_WARN_UNREACHABLE_CODE = YES;
				CLANG_WARN__DUPLICATE_METHOD_MATCH = YES;
				COPY_PHASE_STRIP = NO;
				DEBUG_INFORMATION_FORMAT = dwarf;
				ENABLE_STRICT_OBJC_MSGSEND = YES;
				ENABLE_TESTABILITY = YES;
				ENABLE_USER_SCRIPT_SANDBOXING = YES;
				GCC_C_LANGUAGE_STANDARD = gnu17;
				GCC_DYNAMIC_NO_PIC = NO;
				GCC_NO_COMMON_BLOCKS = YES;
				GCC_OPTIMIZATION_LEVEL = 0;
				GCC_PREPROCESSOR_DEFINITIONS = (
					"DEBUG=1",
					"$(inherited)",
				);
				GCC_WARN_64_TO_32_BIT_CONVERSION = YES;
				GCC_WARN_ABOUT_RETURN_TYPE = YES_ERROR;
				GCC_WARN_UNDECLARED_SELECTOR = YES;
				GCC_WARN_UNINITIALIZED_AUTOS = YES_AGGRESSIVE;
				GCC_WARN_UNUSED_FUNCTION = YES;
				GCC_WARN_UNUSED_VARIABLE = YES;
				IPHONEOS_DEPLOYMENT_TARGET = 17.2;
				LOCALIZATION_PREFERS_STRING_CATALOGS = YES;
				MTL_ENABLE_DEBUG_INFO = INCLUDE_SOURCE;
				MTL_FAST_MATH = YES;
				ONLY_ACTIVE_ARCH = YES;
				SDKROOT = iphoneos;
				SWIFT_ACTIVE_COMPILATION_CONDITIONS = "DEBUG $(inherited)";
				SWIFT_OPTIMIZATION_LEVEL = "-Onone";
			};
			name = Debug;
		};
		5618A6B42B9647B5005A81A4 /* Release */ = {
			isa = XCBuildConfiguration;
			buildSettings = {
				ALWAYS_SEARCH_USER_PATHS = NO;
				ASSETCATALOG_COMPILER_GENERATE_SWIFT_ASSET_SYMBOL_EXTENSIONS = YES;
				CLANG_ANALYZER_NONNULL = YES;
				CLANG_ANALYZER_NUMBER_OBJECT_CONVERSION = YES_AGGRESSIVE;
				CLANG_CXX_LANGUAGE_STANDARD = "gnu++20";
				CLANG_ENABLE_MODULES = YES;
				CLANG_ENABLE_OBJC_ARC = YES;
				CLANG_ENABLE_OBJC_WEAK = YES;
				CLANG_WARN_BLOCK_CAPTURE_AUTORELEASING = YES;
				CLANG_WARN_BOOL_CONVERSION = YES;
				CLANG_WARN_COMMA = YES;
				CLANG_WARN_CONSTANT_CONVERSION = YES;
				CLANG_WARN_DEPRECATED_OBJC_IMPLEMENTATIONS = YES;
				CLANG_WARN_DIRECT_OBJC_ISA_USAGE = YES_ERROR;
				CLANG_WARN_DOCUMENTATION_COMMENTS = YES;
				CLANG_WARN_EMPTY_BODY = YES;
				CLANG_WARN_ENUM_CONVERSION = YES;
				CLANG_WARN_INFINITE_RECURSION = YES;
				CLANG_WARN_INT_CONVERSION = YES;
				CLANG_WARN_NON_LITERAL_NULL_CONVERSION = YES;
				CLANG_WARN_OBJC_IMPLICIT_RETAIN_SELF = YES;
				CLANG_WARN_OBJC_LITERAL_CONVERSION = YES;
				CLANG_WARN_OBJC_ROOT_CLASS = YES_ERROR;
				CLANG_WARN_QUOTED_INCLUDE_IN_FRAMEWORK_HEADER = YES;
				CLANG_WARN_RANGE_LOOP_ANALYSIS = YES;
				CLANG_WARN_STRICT_PROTOTYPES = YES;
				CLANG_WARN_SUSPICIOUS_MOVE = YES;
				CLANG_WARN_UNGUARDED_AVAILABILITY = YES_AGGRESSIVE;
				CLANG_WARN_UNREACHABLE_CODE = YES;
				CLANG_WARN__DUPLICATE_METHOD_MATCH = YES;
				COPY_PHASE_STRIP = NO;
				DEBUG_INFORMATION_FORMAT = "dwarf-with-dsym";
				ENABLE_NS_ASSERTIONS = NO;
				ENABLE_STRICT_OBJC_MSGSEND = YES;
				ENABLE_USER_SCRIPT_SANDBOXING = YES;
				GCC_C_LANGUAGE_STANDARD = gnu17;
				GCC_NO_COMMON_BLOCKS = YES;
				GCC_WARN_64_TO_32_BIT_CONVERSION = YES;
				GCC_WARN_ABOUT_RETURN_TYPE = YES_ERROR;
				GCC_WARN_UNDECLARED_SELECTOR = YES;
				GCC_WARN_UNINITIALIZED_AUTOS = YES_AGGRESSIVE;
				GCC_WARN_UNUSED_FUNCTION = YES;
				GCC_WARN_UNUSED_VARIABLE = YES;
				IPHONEOS_DEPLOYMENT_TARGET = 17.2;
				LOCALIZATION_PREFERS_STRING_CATALOGS = YES;
				MTL_ENABLE_DEBUG_INFO = NO;
				MTL_FAST_MATH = YES;
				SDKROOT = iphoneos;
				SWIFT_COMPILATION_MODE = wholemodule;
				VALIDATE_PRODUCT = YES;
			};
			name = Release;
		};
		5618A6B62B9647B5005A81A4 /* Debug */ = {
			isa = XCBuildConfiguration;
			buildSettings = {
				ASSETCATALOG_COMPILER_APPICON_NAME = AppIcon;
				ASSETCATALOG_COMPILER_GLOBAL_ACCENT_COLOR_NAME = AccentColor;
				CODE_SIGN_STYLE = Automatic;
				CURRENT_PROJECT_VERSION = 1;
				DEVELOPMENT_TEAM = 7U73976YT5;
				GENERATE_INFOPLIST_FILE = YES;
				INFOPLIST_FILE = WhoIsThatPokemonApp/Info.plist;
				INFOPLIST_KEY_UIApplicationSupportsIndirectInputEvents = YES;
				INFOPLIST_KEY_UILaunchStoryboardName = LaunchScreen;
				INFOPLIST_KEY_UISupportedInterfaceOrientations_iPad = "UIInterfaceOrientationPortrait UIInterfaceOrientationPortraitUpsideDown UIInterfaceOrientationLandscapeLeft UIInterfaceOrientationLandscapeRight";
				INFOPLIST_KEY_UISupportedInterfaceOrientations_iPhone = "UIInterfaceOrientationPortrait UIInterfaceOrientationLandscapeLeft UIInterfaceOrientationLandscapeRight";
				IPHONEOS_DEPLOYMENT_TARGET = 15.0;
				LD_RUNPATH_SEARCH_PATHS = (
					"$(inherited)",
					"@executable_path/Frameworks",
				);
				MARKETING_VERSION = 1.0;
				PRODUCT_BUNDLE_IDENTIFIER = com.luisfersanpalm.WhoIsThatPokemonApp;
				PRODUCT_NAME = "$(TARGET_NAME)";
				SUPPORTED_PLATFORMS = "iphoneos iphonesimulator";
				SUPPORTS_MACCATALYST = NO;
				SUPPORTS_MAC_DESIGNED_FOR_IPHONE_IPAD = NO;
				SUPPORTS_XR_DESIGNED_FOR_IPHONE_IPAD = NO;
				SWIFT_EMIT_LOC_STRINGS = YES;
				SWIFT_VERSION = 5.0;
				TARGETED_DEVICE_FAMILY = 1;
			};
			name = Debug;
		};
		5618A6B72B9647B5005A81A4 /* Release */ = {
			isa = XCBuildConfiguration;
			buildSettings = {
				ASSETCATALOG_COMPILER_APPICON_NAME = AppIcon;
				ASSETCATALOG_COMPILER_GLOBAL_ACCENT_COLOR_NAME = AccentColor;
				CODE_SIGN_STYLE = Automatic;
				CURRENT_PROJECT_VERSION = 1;
				DEVELOPMENT_TEAM = 7U73976YT5;
				GENERATE_INFOPLIST_FILE = YES;
				INFOPLIST_FILE = WhoIsThatPokemonApp/Info.plist;
				INFOPLIST_KEY_UIApplicationSupportsIndirectInputEvents = YES;
				INFOPLIST_KEY_UILaunchStoryboardName = LaunchScreen;
				INFOPLIST_KEY_UISupportedInterfaceOrientations_iPad = "UIInterfaceOrientationPortrait UIInterfaceOrientationPortraitUpsideDown UIInterfaceOrientationLandscapeLeft UIInterfaceOrientationLandscapeRight";
				INFOPLIST_KEY_UISupportedInterfaceOrientations_iPhone = "UIInterfaceOrientationPortrait UIInterfaceOrientationLandscapeLeft UIInterfaceOrientationLandscapeRight";
				IPHONEOS_DEPLOYMENT_TARGET = 15.0;
				LD_RUNPATH_SEARCH_PATHS = (
					"$(inherited)",
					"@executable_path/Frameworks",
				);
				MARKETING_VERSION = 1.0;
				PRODUCT_BUNDLE_IDENTIFIER = com.luisfersanpalm.WhoIsThatPokemonApp;
				PRODUCT_NAME = "$(TARGET_NAME)";
				SUPPORTED_PLATFORMS = "iphoneos iphonesimulator";
				SUPPORTS_MACCATALYST = NO;
				SUPPORTS_MAC_DESIGNED_FOR_IPHONE_IPAD = NO;
				SUPPORTS_XR_DESIGNED_FOR_IPHONE_IPAD = NO;
				SWIFT_EMIT_LOC_STRINGS = YES;
				SWIFT_VERSION = 5.0;
				TARGETED_DEVICE_FAMILY = 1;
			};
			name = Release;
		};
/* End XCBuildConfiguration section */

/* Begin XCConfigurationList section */
		5618A69C2B9647B4005A81A4 /* Build configuration list for PBXProject "WhoIsThatPokemonApp" */ = {
			isa = XCConfigurationList;
			buildConfigurations = (
				5618A6B32B9647B5005A81A4 /* Debug */,
				5618A6B42B9647B5005A81A4 /* Release */,
			);
			defaultConfigurationIsVisible = 0;
			defaultConfigurationName = Release;
		};
		5618A6B52B9647B5005A81A4 /* Build configuration list for PBXNativeTarget "WhoIsThatPokemonApp" */ = {
			isa = XCConfigurationList;
			buildConfigurations = (
				5618A6B62B9647B5005A81A4 /* Debug */,
				5618A6B72B9647B5005A81A4 /* Release */,
			);
			defaultConfigurationIsVisible = 0;
			defaultConfigurationName = Release;
		};
/* End XCConfigurationList section */
	};
	rootObject = 5618A6992B9647B4005A81A4 /* Project object */;
}
